
Microsoft Visual Studio Solution File, Format Version 12.00
# Visual Studio Version 17
VisualStudioVersion = 17.10.35027.167
MinimumVisualStudioVersion = 10.0.40219.1
Project("{FAE04EC0-301F-11D3-BF4B-00C04F79EFBC}") = "DPM225468_NguyenHuuTai_Pattern01_AbstractFactory_Structural", "DPM225468_NguyenHuuTai_Pattern01_AbstractFactory_Structural\DPM225468_NguyenHuuTai_Pattern01_AbstractFactory_Structural.csproj", "{5E9FFCC6-A728-419A-8C94-BBC8F95983E5}"
EndProject
Project("{FAE04EC0-301F-11D3-BF4B-00C04F79EFBC}") = "DPM225468_NguyenHuuTai_Pattern01_AbstractFactory_Real", "DPM225468_NguyenHuuTai_Pattern01_AbstractFactory_Real\DPM225468_NguyenHuuTai_Pattern01_AbstractFactory_Real.csproj", "{6DED781C-EB4B-4B67-B82F-DAD97D5309E4}"
EndProject
Project("{FAE04EC0-301F-11D3-BF4B-00C04F79EFBC}") = "DPM225468_NguyenHuuTai_Pattern02_Builder_Structural", "DPM225468_NguyenHuuTai_Pattern02_Builder_Structural\DPM225468_NguyenHuuTai_Pattern02_Builder_Structural.csproj", "{C9915222-C8AC-4701-B2EB-B153AB1643C6}"
EndProject
Project("{FAE04EC0-301F-11D3-BF4B-00C04F79EFBC}") = "DPM225468_NguyenHuuTai_Pattern02_Builder_Real", "DPM225468_NguyenHuuTai_Pattern02_Builder_Real\DPM225468_NguyenHuuTai_Pattern02_Builder_Real.csproj", "{86998BB2-23F0-459D-89E5-7248E64FFB21}"
EndProject
Project("{FAE04EC0-301F-11D3-BF4B-00C04F79EFBC}") = "DPM225468_NguyenHuuTai_Pattern03_FactoryMethod_Structural", "DPM225468_NguyenHuuTai_Pattern03_FactoryMethod_Structural\DPM225468_NguyenHuuTai_Pattern03_FactoryMethod_Structural.csproj", "{1796B79D-B369-4113-9CAF-59A2DF336820}"
EndProject
Project("{FAE04EC0-301F-11D3-BF4B-00C04F79EFBC}") = "DPM225468_NguyenHuuTai_Pattern03_FactoryMethod_Real", "DPM225468_NguyenHuuTai_Pattern03_FactoryMethod_Real\DPM225468_NguyenHuuTai_Pattern03_FactoryMethod_Real.csproj", "{9B7A1F7D-CD8D-4F33-AD89-A14E00AA394A}"
EndProject
Project("{FAE04EC0-301F-11D3-BF4B-00C04F79EFBC}") = "DPM225468_NguyenHuuTai_Pattern04_Prototype_Real", "DPM225468_NguyenHuuTai_Pattern04_Prototype_Real\DPM225468_NguyenHuuTai_Pattern04_Prototype_Real.csproj", "{EBCC4E86-BF33-4640-AB5A-4B1A9ABA8AB0}"
EndProject
Project("{FAE04EC0-301F-11D3-BF4B-00C04F79EFBC}") = "DPM225468_NguyenHuuTai_Pattern05_Singleton_Structural", "DPM225468_NguyenHuuTai_Pattern05_Singleton_Structural\DPM225468_NguyenHuuTai_Pattern05_Singleton_Structural.csproj", "{9385FF14-491A-42CD-B0A5-168EDE0406F9}"
EndProject
Project("{FAE04EC0-301F-11D3-BF4B-00C04F79EFBC}") = "DPM225468_NguyenHuuTai_Pattern05_Singleton_Real", "DPM225468_NguyenHuuTai_Pattern05_Singleton_Real\DPM225468_NguyenHuuTai_Pattern05_Singleton_Real.csproj", "{1F8C3190-B4EA-4AF3-BA0F-F44EFD7D70FE}"
EndProject
Project("{FAE04EC0-301F-11D3-BF4B-00C04F79EFBC}") = "DPM225468_NguyenHuuTai_Pattern06_Adapter_Real", "DPM225468_NguyenHuuTai_Pattern06_Adapter_Real\DPM225468_NguyenHuuTai_Pattern06_Adapter_Real.csproj", "{656BD5C4-0CE4-4ABF-A45A-64D2CBCFC5E8}"
EndProject
Project("{FAE04EC0-301F-11D3-BF4B-00C04F79EFBC}") = "DPM225468_NguyenHuuTai_Pattern07_Bridge_Structural", "DPM225468_NguyenHuuTai_Pattern07_Bridge_Structural\DPM225468_NguyenHuuTai_Pattern07_Bridge_Structural.csproj", "{9289B330-4345-48DF-907C-E94263BD8F11}"
EndProject
Project("{FAE04EC0-301F-11D3-BF4B-00C04F79EFBC}") = "DPM225468_NguyenHuuTai_Pattern07_Bridge_Real", "DPM225468_NguyenHuuTai_Pattern07_Bridge_Real\DPM225468_NguyenHuuTai_Pattern07_Bridge_Real.csproj", "{B102A908-3F4F-4FCE-8D93-8FB6FA23B8C6}"
EndProject
Project("{FAE04EC0-301F-11D3-BF4B-00C04F79EFBC}") = "DPM225468_NguyenHuuTai_Pattern08_Composite_Structural", "DPM225468_NguyenHuuTai_Pattern08_Composite_Structural\DPM225468_NguyenHuuTai_Pattern08_Composite_Structural.csproj", "{863CB6CA-9D57-4027-903D-E6A31D4BC10F}"
EndProject
Project("{FAE04EC0-301F-11D3-BF4B-00C04F79EFBC}") = "DPM225468_NguyenHuuTai_Pattern08_Composite_Real", "DPM225468_NguyenHuuTai_Pattern08_Composite_Real\DPM225468_NguyenHuuTai_Pattern08_Composite_Real.csproj", "{28F5C318-3D96-410D-9582-E7A25A678023}"
EndProject
Project("{FAE04EC0-301F-11D3-BF4B-00C04F79EFBC}") = "DPM225468_NguyenHuuTai_Pattern09_Decorator_Structural", "DPM225468_NguyenHuuTai_Pattern09_Decorator_Structural\DPM225468_NguyenHuuTai_Pattern09_Decorator_Structural.csproj", "{332885A4-9269-4AA7-B2E0-1182241AE788}"
EndProject
Project("{FAE04EC0-301F-11D3-BF4B-00C04F79EFBC}") = "DPM225468_NguyenHuuTai_Pattern09_Decorator_Real", "DPM225468_NguyenHuuTai_Pattern09_Decorator_Real\DPM225468_NguyenHuuTai_Pattern09_Decorator_Real.csproj", "{D68C3AD6-1757-4B78-8C9A-5791AAF672B1}"
EndProject
Project("{FAE04EC0-301F-11D3-BF4B-00C04F79EFBC}") = "DPM225468_NguyenHuuTai_Pattern10_Facade _Structural", "DPM225468_NguyenHuuTai_Pattern10_Facade _Structural\DPM225468_NguyenHuuTai_Pattern10_Facade _Structural.csproj", "{08918BF0-B5D0-4CA7-9A3F-95EC743E6657}"
EndProject
Project("{FAE04EC0-301F-11D3-BF4B-00C04F79EFBC}") = "DPM225468_NguyenHuuTai_Pattern10_Facade _Real", "DPM225468_NguyenHuuTai_Pattern10_Facade _Real\DPM225468_NguyenHuuTai_Pattern10_Facade _Real.csproj", "{2648F0FA-258F-445F-BE21-1243B43EA393}"
EndProject
Project("{FAE04EC0-301F-11D3-BF4B-00C04F79EFBC}") = "DPM225468_NguyenHuuTai_Pattern04_Prototype_Structural", "DPM225468_NguyenHuuTai_Pattern04_Prototype_Structural\DPM225468_NguyenHuuTai_Pattern04_Prototype_Structural.csproj", "{6A67E372-B7B7-4925-8472-DEC560D9BE22}"
EndProject
Project("{FAE04EC0-301F-11D3-BF4B-00C04F79EFBC}") = "DPM225468_NguyenHuuTai_Pattern06_Adapter_Structural", "DPM225468_NguyenHuuTai_Pattern06_Adapter_Structural\DPM225468_NguyenHuuTai_Pattern06_Adapter_Structural.csproj", "{FFA392C1-9030-49B6-B5E0-43C41EFB49B8}"
EndProject
Global
	GlobalSection(SolutionConfigurationPlatforms) = preSolution
		Debug|Any CPU = Debug|Any CPU
		Release|Any CPU = Release|Any CPU
	EndGlobalSection
	GlobalSection(ProjectConfigurationPlatforms) = postSolution
		{5E9FFCC6-A728-419A-8C94-BBC8F95983E5}.Debug|Any CPU.ActiveCfg = Debug|Any CPU
		{5E9FFCC6-A728-419A-8C94-BBC8F95983E5}.Debug|Any CPU.Build.0 = Debug|Any CPU
		{5E9FFCC6-A728-419A-8C94-BBC8F95983E5}.Release|Any CPU.ActiveCfg = Release|Any CPU
		{5E9FFCC6-A728-419A-8C94-BBC8F95983E5}.Release|Any CPU.Build.0 = Release|Any CPU
		{6DED781C-EB4B-4B67-B82F-DAD97D5309E4}.Debug|Any CPU.ActiveCfg = Debug|Any CPU
		{6DED781C-EB4B-4B67-B82F-DAD97D5309E4}.Debug|Any CPU.Build.0 = Debug|Any CPU
		{6DED781C-EB4B-4B67-B82F-DAD97D5309E4}.Release|Any CPU.ActiveCfg = Release|Any CPU
		{6DED781C-EB4B-4B67-B82F-DAD97D5309E4}.Release|Any CPU.Build.0 = Release|Any CPU
		{C9915222-C8AC-4701-B2EB-B153AB1643C6}.Debug|Any CPU.ActiveCfg = Debug|Any CPU
		{C9915222-C8AC-4701-B2EB-B153AB1643C6}.Debug|Any CPU.Build.0 = Debug|Any CPU
		{C9915222-C8AC-4701-B2EB-B153AB1643C6}.Release|Any CPU.ActiveCfg = Release|Any CPU
		{C9915222-C8AC-4701-B2EB-B153AB1643C6}.Release|Any CPU.Build.0 = Release|Any CPU
		{86998BB2-23F0-459D-89E5-7248E64FFB21}.Debug|Any CPU.ActiveCfg = Debug|Any CPU
		{86998BB2-23F0-459D-89E5-7248E64FFB21}.Debug|Any CPU.Build.0 = Debug|Any CPU
		{86998BB2-23F0-459D-89E5-7248E64FFB21}.Release|Any CPU.ActiveCfg = Release|Any CPU
		{86998BB2-23F0-459D-89E5-7248E64FFB21}.Release|Any CPU.Build.0 = Release|Any CPU
		{1796B79D-B369-4113-9CAF-59A2DF336820}.Debug|Any CPU.ActiveCfg = Debug|Any CPU
		{1796B79D-B369-4113-9CAF-59A2DF336820}.Debug|Any CPU.Build.0 = Debug|Any CPU
		{1796B79D-B369-4113-9CAF-59A2DF336820}.Release|Any CPU.ActiveCfg = Release|Any CPU
		{1796B79D-B369-4113-9CAF-59A2DF336820}.Release|Any CPU.Build.0 = Release|Any CPU
		{9B7A1F7D-CD8D-4F33-AD89-A14E00AA394A}.Debug|Any CPU.ActiveCfg = Debug|Any CPU
		{9B7A1F7D-CD8D-4F33-AD89-A14E00AA394A}.Debug|Any CPU.Build.0 = Debug|Any CPU
		{9B7A1F7D-CD8D-4F33-AD89-A14E00AA394A}.Release|Any CPU.ActiveCfg = Release|Any CPU
		{9B7A1F7D-CD8D-4F33-AD89-A14E00AA394A}.Release|Any CPU.Build.0 = Release|Any CPU
		{EBCC4E86-BF33-4640-AB5A-4B1A9ABA8AB0}.Debug|Any CPU.ActiveCfg = Debug|Any CPU
		{EBCC4E86-BF33-4640-AB5A-4B1A9ABA8AB0}.Debug|Any CPU.Build.0 = Debug|Any CPU
		{EBCC4E86-BF33-4640-AB5A-4B1A9ABA8AB0}.Release|Any CPU.ActiveCfg = Release|Any CPU
		{EBCC4E86-BF33-4640-AB5A-4B1A9ABA8AB0}.Release|Any CPU.Build.0 = Release|Any CPU
		{9385FF14-491A-42CD-B0A5-168EDE0406F9}.Debug|Any CPU.ActiveCfg = Debug|Any CPU
		{9385FF14-491A-42CD-B0A5-168EDE0406F9}.Debug|Any CPU.Build.0 = Debug|Any CPU
		{9385FF14-491A-42CD-B0A5-168EDE0406F9}.Release|Any CPU.ActiveCfg = Release|Any CPU
		{9385FF14-491A-42CD-B0A5-168EDE0406F9}.Release|Any CPU.Build.0 = Release|Any CPU
		{1F8C3190-B4EA-4AF3-BA0F-F44EFD7D70FE}.Debug|Any CPU.ActiveCfg = Debug|Any CPU
		{1F8C3190-B4EA-4AF3-BA0F-F44EFD7D70FE}.Debug|Any CPU.Build.0 = Debug|Any CPU
		{1F8C3190-B4EA-4AF3-BA0F-F44EFD7D70FE}.Release|Any CPU.ActiveCfg = Release|Any CPU
		{1F8C3190-B4EA-4AF3-BA0F-F44EFD7D70FE}.Release|Any CPU.Build.0 = Release|Any CPU
		{656BD5C4-0CE4-4ABF-A45A-64D2CBCFC5E8}.Debug|Any CPU.ActiveCfg = Debug|Any CPU
		{656BD5C4-0CE4-4ABF-A45A-64D2CBCFC5E8}.Debug|Any CPU.Build.0 = Debug|Any CPU
		{656BD5C4-0CE4-4ABF-A45A-64D2CBCFC5E8}.Release|Any CPU.ActiveCfg = Release|Any CPU
		{656BD5C4-0CE4-4ABF-A45A-64D2CBCFC5E8}.Release|Any CPU.Build.0 = Release|Any CPU
		{9289B330-4345-48DF-907C-E94263BD8F11}.Debug|Any CPU.ActiveCfg = Debug|Any CPU
		{9289B330-4345-48DF-907C-E94263BD8F11}.Debug|Any CPU.Build.0 = Debug|Any CPU
		{9289B330-4345-48DF-907C-E94263BD8F11}.Release|Any CPU.ActiveCfg = Release|Any CPU
		{9289B330-4345-48DF-907C-E94263BD8F11}.Release|Any CPU.Build.0 = Release|Any CPU
		{B102A908-3F4F-4FCE-8D93-8FB6FA23B8C6}.Debug|Any CPU.ActiveCfg = Debug|Any CPU
		{B102A908-3F4F-4FCE-8D93-8FB6FA23B8C6}.Debug|Any CPU.Build.0 = Debug|Any CPU
		{B102A908-3F4F-4FCE-8D93-8FB6FA23B8C6}.Release|Any CPU.ActiveCfg = Release|Any CPU
		{B102A908-3F4F-4FCE-8D93-8FB6FA23B8C6}.Release|Any CPU.Build.0 = Release|Any CPU
		{863CB6CA-9D57-4027-903D-E6A31D4BC10F}.Debug|Any CPU.ActiveCfg = Debug|Any CPU
		{863CB6CA-9D57-4027-903D-E6A31D4BC10F}.Debug|Any CPU.Build.0 = Debug|Any CPU
		{863CB6CA-9D57-4027-903D-E6A31D4BC10F}.Release|Any CPU.ActiveCfg = Release|Any CPU
		{863CB6CA-9D57-4027-903D-E6A31D4BC10F}.Release|Any CPU.Build.0 = Release|Any CPU
		{28F5C318-3D96-410D-9582-E7A25A678023}.Debug|Any CPU.ActiveCfg = Debug|Any CPU
		{28F5C318-3D96-410D-9582-E7A25A678023}.Debug|Any CPU.Build.0 = Debug|Any CPU
		{28F5C318-3D96-410D-9582-E7A25A678023}.Release|Any CPU.ActiveCfg = Release|Any CPU
		{28F5C318-3D96-410D-9582-E7A25A678023}.Release|Any CPU.Build.0 = Release|Any CPU
		{332885A4-9269-4AA7-B2E0-1182241AE788}.Debug|Any CPU.ActiveCfg = Debug|Any CPU
		{332885A4-9269-4AA7-B2E0-1182241AE788}.Debug|Any CPU.Build.0 = Debug|Any CPU
		{332885A4-9269-4AA7-B2E0-1182241AE788}.Release|Any CPU.ActiveCfg = Release|Any CPU
		{332885A4-9269-4AA7-B2E0-1182241AE788}.Release|Any CPU.Build.0 = Release|Any CPU
		{D68C3AD6-1757-4B78-8C9A-5791AAF672B1}.Debug|Any CPU.ActiveCfg = Debug|Any CPU
		{D68C3AD6-1757-4B78-8C9A-5791AAF672B1}.Debug|Any CPU.Build.0 = Debug|Any CPU
		{D68C3AD6-1757-4B78-8C9A-5791AAF672B1}.Release|Any CPU.ActiveCfg = Release|Any CPU
		{D68C3AD6-1757-4B78-8C9A-5791AAF672B1}.Release|Any CPU.Build.0 = Release|Any CPU
		{08918BF0-B5D0-4CA7-9A3F-95EC743E6657}.Debug|Any CPU.ActiveCfg = Debug|Any CPU
		{08918BF0-B5D0-4CA7-9A3F-95EC743E6657}.Debug|Any CPU.Build.0 = Debug|Any CPU
		{08918BF0-B5D0-4CA7-9A3F-95EC743E6657}.Release|Any CPU.ActiveCfg = Release|Any CPU
		{08918BF0-B5D0-4CA7-9A3F-95EC743E6657}.Release|Any CPU.Build.0 = Release|Any CPU
		{2648F0FA-258F-445F-BE21-1243B43EA393}.Debug|Any CPU.ActiveCfg = Debug|Any CPU
		{2648F0FA-258F-445F-BE21-1243B43EA393}.Debug|Any CPU.Build.0 = Debug|Any CPU
		{2648F0FA-258F-445F-BE21-1243B43EA393}.Release|Any CPU.ActiveCfg = Release|Any CPU
		{2648F0FA-258F-445F-BE21-1243B43EA393}.Release|Any CPU.Build.0 = Release|Any CPU
		{6A67E372-B7B7-4925-8472-DEC560D9BE22}.Debug|Any CPU.ActiveCfg = Debug|Any CPU
		{6A67E372-B7B7-4925-8472-DEC560D9BE22}.Debug|Any CPU.Build.0 = Debug|Any CPU
		{6A67E372-B7B7-4925-8472-DEC560D9BE22}.Release|Any CPU.ActiveCfg = Release|Any CPU
		{6A67E372-B7B7-4925-8472-DEC560D9BE22}.Release|Any CPU.Build.0 = Release|Any CPU
		{FFA392C1-9030-49B6-B5E0-43C41EFB49B8}.Debug|Any CPU.ActiveCfg = Debug|Any CPU
		{FFA392C1-9030-49B6-B5E0-43C41EFB49B8}.Debug|Any CPU.Build.0 = Debug|Any CPU
		{FFA392C1-9030-49B6-B5E0-43C41EFB49B8}.Release|Any CPU.ActiveCfg = Release|Any CPU
		{FFA392C1-9030-49B6-B5E0-43C41EFB49B8}.Release|Any CPU.Build.0 = Release|Any CPU
	EndGlobalSection
	GlobalSection(SolutionProperties) = preSolution
		HideSolutionNode = FALSE
	EndGlobalSection
	GlobalSection(ExtensibilityGlobals) = postSolution
		SolutionGuid = {CA30EEB3-A284-4BCB-907B-AFC64EFEF1C6}
	EndGlobalSection
EndGlobal
